
Microsoft Visual Studio Solution File, Format Version 12.00
# Visual Studio Version 16
VisualStudioVersion = 16.0.30621.155
MinimumVisualStudioVersion = 10.0.40219.1
Project("{9A19103F-16F7-4668-BE54-9A1E7A4F7556}") = "Test.Ellumination.OrTools.ConstraintSolver.Samples", "Test.Ellumination.OrTools.ConstraintSolver.Samples\Test.Ellumination.OrTools.ConstraintSolver.Samples.csproj", "{C1AFBF85-734E-4F91-8908-9D5921EA8B22}"
EndProject
Project("{2150E333-8FDC-42A3-9474-1A3956D46DE8}") = "src", "src", "{327DE516-77D1-42D4-8DCE-484E40AD3885}"
EndProject
Project("{2150E333-8FDC-42A3-9474-1A3956D46DE8}") = "tests", "tests", "{141E2837-1247-4E33-B5A0-64D0ECCBFDBA}"
EndProject
Project("{FAE04EC0-301F-11D3-BF4B-00C04F79EFBC}") = "Test.Ellumination.OrTools.ConstraintSolver.Sample.Fixturing", "Test.Ellumination.OrTools.ConstraintSolver.Sample.Fixturing\Test.Ellumination.OrTools.ConstraintSolver.Sample.Fixturing.csproj", "{05D37050-50DA-459D-A62F-C051BA62FA0A}"
EndProject
Project("{9A19103F-16F7-4668-BE54-9A1E7A4F7556}") = "Ellumination.OrTools.LinearSolver.Core", "Ellumination.OrTools.LinearSolver.Core\Ellumination.OrTools.LinearSolver.Core.csproj", "{43B7A0DF-8D75-4C61-83E7-265E7F140E9C}"
EndProject
Project("{9A19103F-16F7-4668-BE54-9A1E7A4F7556}") = "Ellumination.OrTools.Core", "Ellumination.OrTools.Core\Ellumination.OrTools.Core.csproj", "{146963E3-6764-4DBA-8CFD-57196A0F9D5B}"
EndProject
Project("{9A19103F-16F7-4668-BE54-9A1E7A4F7556}") = "Test.Ellumination.OrTools.LinearSolver.Samples.Feasibility", "Test.Ellumination.OrTools.LinearSolver.Samples.Feasibility\Test.Ellumination.OrTools.LinearSolver.Samples.Feasibility.csproj", "{0A214042-80B3-4F12-93BA-084A22A3139F}"
EndProject
Project("{2150E333-8FDC-42A3-9474-1A3956D46DE8}") = ".sln", ".sln", "{5EDB9086-DACF-4D1D-A3F6-91C826684B38}"
	ProjectSection(SolutionItems) = preProject
		Directory.Build.props = Directory.Build.props
		Sat.Parameters.CodeGeneration.Fat.props = Sat.Parameters.CodeGeneration.Fat.props
		Sat.Parameters.CodeGeneration.props = Sat.Parameters.CodeGeneration.props
	EndProjectSection
EndProject
Project("{9A19103F-16F7-4668-BE54-9A1E7A4F7556}") = "Ellumination.OrTools.LinearSolver.Samples.Feasibility", "Ellumination.OrTools.LinearSolver.Samples.Feasibility\Ellumination.OrTools.LinearSolver.Samples.Feasibility.csproj", "{B055EC6C-994A-48F5-B41B-1473775FE5F4}"
EndProject
Project("{9A19103F-16F7-4668-BE54-9A1E7A4F7556}") = "Test.Ellumination.OrTools.ConstraintSolver.Sample.Fixturing.Core", "Test.Ellumination.OrTools.ConstraintSolver.Sample.Fixturing.Core\Test.Ellumination.OrTools.ConstraintSolver.Sample.Fixturing.Core.csproj", "{F826380B-0DE1-49D3-9AF0-BC7A8A5BE38B}"
EndProject
Project("{9A19103F-16F7-4668-BE54-9A1E7A4F7556}") = "Ellumination.OrTools.ConstraintSolver.Core", "Ellumination.OrTools.ConstraintSolver.Core\Ellumination.OrTools.ConstraintSolver.Core.csproj", "{EFA736E9-3727-42BB-8788-BC0DC822C883}"
EndProject
Project("{9A19103F-16F7-4668-BE54-9A1E7A4F7556}") = "Ellumination.OrTools.Sat.Core", "Ellumination.OrTools.Sat.Core\Ellumination.OrTools.Sat.Core.csproj", "{0D3D4738-5912-4392-9689-8C17BFEB6AA7}"
EndProject
Project("{9A19103F-16F7-4668-BE54-9A1E7A4F7556}") = "Ellumination.OrTools.Csp.Problems", "Ellumination.OrTools.Csp.Problems\Ellumination.OrTools.Csp.Problems.csproj", "{C958F26C-FA8C-4464-952F-69D9197644DD}"
EndProject
Project("{9A19103F-16F7-4668-BE54-9A1E7A4F7556}") = "Ellumination.OrTools.Samples.Sudoku", "Ellumination.OrTools.Samples.Sudoku\Ellumination.OrTools.Samples.Sudoku.csproj", "{6BDE13EE-BCF6-4460-A08C-ED9793587FE6}"
EndProject
Project("{9A19103F-16F7-4668-BE54-9A1E7A4F7556}") = "Test.Ellumination.OrTools.Sat.Samples", "Test.Ellumination.OrTools.Sat.Samples\Test.Ellumination.OrTools.Sat.Samples.csproj", "{28FC7B3E-A191-4040-86B3-B02C5AEFC77D}"
EndProject
Project("{9A19103F-16F7-4668-BE54-9A1E7A4F7556}") = "Ellumination.OrTools.Sat.Parameters.Core", "Ellumination.OrTools.Sat.Parameters.Core\Ellumination.OrTools.Sat.Parameters.Core.csproj", "{FB7309B0-EC56-4242-99C4-AA791DA57574}"
EndProject
Project("{9A19103F-16F7-4668-BE54-9A1E7A4F7556}") = "Test.Ellumination.OrTools.Sat.Parameters", "Test.Ellumination.OrTools.Sat.Parameters\Test.Ellumination.OrTools.Sat.Parameters.csproj", "{B8109A68-75AF-4946-A595-42146F74AC68}"
EndProject
Project("{2150E333-8FDC-42A3-9474-1A3956D46DE8}") = ".nuget", ".nuget", "{37E95BAE-49D3-4D5E-8FC9-1F1D4AE6274B}"
	ProjectSection(SolutionItems) = preProject
		NuGet.Config = NuGet.Config
		tools\NuGet\publish.cmd = tools\NuGet\publish.cmd
	EndProjectSection
EndProject
Project("{9A19103F-16F7-4668-BE54-9A1E7A4F7556}") = "Ellumination.OrTools.Sat.Parameters", "Ellumination.OrTools.Sat.Parameters\Ellumination.OrTools.Sat.Parameters.csproj", "{DADBF908-E5F8-44CE-AFF1-BBC7553EB805}"
EndProject
Project("{2150E333-8FDC-42A3-9474-1A3956D46DE8}") = ".parent", ".parent", "{FFF962A4-3C6F-4A44-87C9-FDA34B3BCF3B}"
	ProjectSection(SolutionItems) = preProject
		..\.gitattributes = ..\.gitattributes
		..\.gitignore = ..\.gitignore
		..\Directory.Build.props = ..\Directory.Build.props
		..\Dotnet.Unit.Testing.props = ..\Dotnet.Unit.Testing.props
		..\Dotnet.Unit.Testing.Slim.props = ..\Dotnet.Unit.Testing.Slim.props
		..\global.json = ..\global.json
		..\Licensing.props = ..\Licensing.props
	EndProjectSection
EndProject
Project("{9A19103F-16F7-4668-BE54-9A1E7A4F7556}") = "Ellumination.OrTools.ConstraintSolver.Routing", "Ellumination.OrTools.ConstraintSolver.Routing\Ellumination.OrTools.ConstraintSolver.Routing.csproj", "{8531A58B-9DDA-4645-A3B1-C2525DA8CD30}"
EndProject
Project("{9A19103F-16F7-4668-BE54-9A1E7A4F7556}") = "Test.Ellumination.OrTools.ConstraintSolver.Routing", "Test.Ellumination.OrTools.ConstraintSolver.Routing\Test.Ellumination.OrTools.ConstraintSolver.Routing.csproj", "{95BD7C33-5318-49F0-8D92-7388859EE2B3}"
EndProject
Project("{9A19103F-16F7-4668-BE54-9A1E7A4F7556}") = "Ellumination.OrTools.Fibonacci", "Ellumination.OrTools.Fibonacci\Ellumination.OrTools.Fibonacci.csproj", "{9B5FE512-4500-4251-95F5-89BB5AA0BFEE}"
EndProject
Project("{9A19103F-16F7-4668-BE54-9A1E7A4F7556}") = "Test.Ellumination.OrTools.Fibonacci", "Test.Ellumination.OrTools.Fibonacci\Test.Ellumination.OrTools.Fibonacci.csproj", "{A02FBBD4-70DF-4ED8-A1A6-5E7888A3509A}"
EndProject
Project("{FAE04EC0-301F-11D3-BF4B-00C04F79EFBC}") = "Ellumination.OrTools.ConstraintSolver.Routing.Distances", "Ellumination.OrTools.ConstraintSolver.Routing.Distances\Ellumination.OrTools.ConstraintSolver.Routing.Distances.csproj", "{7DFA2D06-575D-4625-AA3F-6925A7E066E9}"
EndProject
Project("{FAE04EC0-301F-11D3-BF4B-00C04F79EFBC}") = "Test.Ellumination.OrTools.ConstraintSolver.Routing.Distances", "Test.Ellumination.OrTools.ConstraintSolver.Routing.Distances\Test.Ellumination.OrTools.ConstraintSolver.Routing.Distances.csproj", "{C42A2948-082F-4352-B326-79C3F57D7B09}"
EndProject
Global
	GlobalSection(SolutionConfigurationPlatforms) = preSolution
		Debug|Any CPU = Debug|Any CPU
		Release|Any CPU = Release|Any CPU
	EndGlobalSection
	GlobalSection(ProjectConfigurationPlatforms) = postSolution
		{C1AFBF85-734E-4F91-8908-9D5921EA8B22}.Debug|Any CPU.ActiveCfg = Debug|Any CPU
		{C1AFBF85-734E-4F91-8908-9D5921EA8B22}.Debug|Any CPU.Build.0 = Debug|Any CPU
		{C1AFBF85-734E-4F91-8908-9D5921EA8B22}.Release|Any CPU.ActiveCfg = Debug|Any CPU
		{05D37050-50DA-459D-A62F-C051BA62FA0A}.Debug|Any CPU.ActiveCfg = Debug|Any CPU
		{05D37050-50DA-459D-A62F-C051BA62FA0A}.Release|Any CPU.ActiveCfg = Debug|Any CPU
		{43B7A0DF-8D75-4C61-83E7-265E7F140E9C}.Debug|Any CPU.ActiveCfg = Debug|Any CPU
		{43B7A0DF-8D75-4C61-83E7-265E7F140E9C}.Debug|Any CPU.Build.0 = Debug|Any CPU
		{43B7A0DF-8D75-4C61-83E7-265E7F140E9C}.Release|Any CPU.ActiveCfg = Release|Any CPU
		{43B7A0DF-8D75-4C61-83E7-265E7F140E9C}.Release|Any CPU.Build.0 = Release|Any CPU
		{146963E3-6764-4DBA-8CFD-57196A0F9D5B}.Debug|Any CPU.ActiveCfg = Debug|Any CPU
		{146963E3-6764-4DBA-8CFD-57196A0F9D5B}.Debug|Any CPU.Build.0 = Debug|Any CPU
		{146963E3-6764-4DBA-8CFD-57196A0F9D5B}.Release|Any CPU.ActiveCfg = Release|Any CPU
		{146963E3-6764-4DBA-8CFD-57196A0F9D5B}.Release|Any CPU.Build.0 = Release|Any CPU
		{0A214042-80B3-4F12-93BA-084A22A3139F}.Debug|Any CPU.ActiveCfg = Debug|Any CPU
		{0A214042-80B3-4F12-93BA-084A22A3139F}.Debug|Any CPU.Build.0 = Debug|Any CPU
		{0A214042-80B3-4F12-93BA-084A22A3139F}.Release|Any CPU.ActiveCfg = Debug|Any CPU
		{B055EC6C-994A-48F5-B41B-1473775FE5F4}.Debug|Any CPU.ActiveCfg = Debug|Any CPU
		{B055EC6C-994A-48F5-B41B-1473775FE5F4}.Debug|Any CPU.Build.0 = Debug|Any CPU
		{B055EC6C-994A-48F5-B41B-1473775FE5F4}.Release|Any CPU.ActiveCfg = Debug|Any CPU
		{F826380B-0DE1-49D3-9AF0-BC7A8A5BE38B}.Debug|Any CPU.ActiveCfg = Debug|Any CPU
		{F826380B-0DE1-49D3-9AF0-BC7A8A5BE38B}.Debug|Any CPU.Build.0 = Debug|Any CPU
		{F826380B-0DE1-49D3-9AF0-BC7A8A5BE38B}.Release|Any CPU.ActiveCfg = Debug|Any CPU
		{EFA736E9-3727-42BB-8788-BC0DC822C883}.Debug|Any CPU.ActiveCfg = Debug|Any CPU
		{EFA736E9-3727-42BB-8788-BC0DC822C883}.Debug|Any CPU.Build.0 = Debug|Any CPU
		{EFA736E9-3727-42BB-8788-BC0DC822C883}.Release|Any CPU.ActiveCfg = Release|Any CPU
		{EFA736E9-3727-42BB-8788-BC0DC822C883}.Release|Any CPU.Build.0 = Release|Any CPU
		{0D3D4738-5912-4392-9689-8C17BFEB6AA7}.Debug|Any CPU.ActiveCfg = Debug|Any CPU
		{0D3D4738-5912-4392-9689-8C17BFEB6AA7}.Debug|Any CPU.Build.0 = Debug|Any CPU
		{0D3D4738-5912-4392-9689-8C17BFEB6AA7}.Release|Any CPU.ActiveCfg = Release|Any CPU
		{0D3D4738-5912-4392-9689-8C17BFEB6AA7}.Release|Any CPU.Build.0 = Release|Any CPU
		{C958F26C-FA8C-4464-952F-69D9197644DD}.Debug|Any CPU.ActiveCfg = Debug|Any CPU
		{C958F26C-FA8C-4464-952F-69D9197644DD}.Debug|Any CPU.Build.0 = Debug|Any CPU
		{C958F26C-FA8C-4464-952F-69D9197644DD}.Release|Any CPU.ActiveCfg = Debug|Any CPU
		{C958F26C-FA8C-4464-952F-69D9197644DD}.Release|Any CPU.Build.0 = Debug|Any CPU
		{6BDE13EE-BCF6-4460-A08C-ED9793587FE6}.Debug|Any CPU.ActiveCfg = Debug|Any CPU
		{6BDE13EE-BCF6-4460-A08C-ED9793587FE6}.Debug|Any CPU.Build.0 = Debug|Any CPU
		{6BDE13EE-BCF6-4460-A08C-ED9793587FE6}.Release|Any CPU.ActiveCfg = Debug|Any CPU
		{6BDE13EE-BCF6-4460-A08C-ED9793587FE6}.Release|Any CPU.Build.0 = Debug|Any CPU
		{28FC7B3E-A191-4040-86B3-B02C5AEFC77D}.Debug|Any CPU.ActiveCfg = Debug|Any CPU
		{28FC7B3E-A191-4040-86B3-B02C5AEFC77D}.Debug|Any CPU.Build.0 = Debug|Any CPU
		{28FC7B3E-A191-4040-86B3-B02C5AEFC77D}.Release|Any CPU.ActiveCfg = Debug|Any CPU
		{FB7309B0-EC56-4242-99C4-AA791DA57574}.Debug|Any CPU.ActiveCfg = Debug|Any CPU
		{FB7309B0-EC56-4242-99C4-AA791DA57574}.Debug|Any CPU.Build.0 = Debug|Any CPU
		{FB7309B0-EC56-4242-99C4-AA791DA57574}.Release|Any CPU.ActiveCfg = Release|Any CPU
		{FB7309B0-EC56-4242-99C4-AA791DA57574}.Release|Any CPU.Build.0 = Release|Any CPU
		{B8109A68-75AF-4946-A595-42146F74AC68}.Debug|Any CPU.ActiveCfg = Debug|Any CPU
		{B8109A68-75AF-4946-A595-42146F74AC68}.Debug|Any CPU.Build.0 = Debug|Any CPU
		{B8109A68-75AF-4946-A595-42146F74AC68}.Release|Any CPU.ActiveCfg = Debug|Any CPU
		{DADBF908-E5F8-44CE-AFF1-BBC7553EB805}.Debug|Any CPU.ActiveCfg = Debug|Any CPU
		{DADBF908-E5F8-44CE-AFF1-BBC7553EB805}.Debug|Any CPU.Build.0 = Debug|Any CPU
		{DADBF908-E5F8-44CE-AFF1-BBC7553EB805}.Release|Any CPU.ActiveCfg = Release|Any CPU
		{DADBF908-E5F8-44CE-AFF1-BBC7553EB805}.Release|Any CPU.Build.0 = Release|Any CPU
		{8531A58B-9DDA-4645-A3B1-C2525DA8CD30}.Debug|Any CPU.ActiveCfg = Debug|Any CPU
		{8531A58B-9DDA-4645-A3B1-C2525DA8CD30}.Debug|Any CPU.Build.0 = Debug|Any CPU
		{8531A58B-9DDA-4645-A3B1-C2525DA8CD30}.Release|Any CPU.ActiveCfg = Release|Any CPU
		{8531A58B-9DDA-4645-A3B1-C2525DA8CD30}.Release|Any CPU.Build.0 = Release|Any CPU
		{95BD7C33-5318-49F0-8D92-7388859EE2B3}.Debug|Any CPU.ActiveCfg = Debug|Any CPU
		{95BD7C33-5318-49F0-8D92-7388859EE2B3}.Debug|Any CPU.Build.0 = Debug|Any CPU
		{95BD7C33-5318-49F0-8D92-7388859EE2B3}.Release|Any CPU.ActiveCfg = Release|Any CPU
		{95BD7C33-5318-49F0-8D92-7388859EE2B3}.Release|Any CPU.Build.0 = Release|Any CPU
		{9B5FE512-4500-4251-95F5-89BB5AA0BFEE}.Debug|Any CPU.ActiveCfg = Debug|Any CPU
		{9B5FE512-4500-4251-95F5-89BB5AA0BFEE}.Debug|Any CPU.Build.0 = Debug|Any CPU
		{9B5FE512-4500-4251-95F5-89BB5AA0BFEE}.Release|Any CPU.ActiveCfg = Release|Any CPU
		{9B5FE512-4500-4251-95F5-89BB5AA0BFEE}.Release|Any CPU.Build.0 = Release|Any CPU
		{A02FBBD4-70DF-4ED8-A1A6-5E7888A3509A}.Debug|Any CPU.ActiveCfg = Debug|Any CPU
		{A02FBBD4-70DF-4ED8-A1A6-5E7888A3509A}.Debug|Any CPU.Build.0 = Debug|Any CPU
		{A02FBBD4-70DF-4ED8-A1A6-5E7888A3509A}.Release|Any CPU.ActiveCfg = Release|Any CPU
		{A02FBBD4-70DF-4ED8-A1A6-5E7888A3509A}.Release|Any CPU.Build.0 = Release|Any CPU
		{7DFA2D06-575D-4625-AA3F-6925A7E066E9}.Debug|Any CPU.ActiveCfg = Debug|Any CPU
		{7DFA2D06-575D-4625-AA3F-6925A7E066E9}.Debug|Any CPU.Build.0 = Debug|Any CPU
		{7DFA2D06-575D-4625-AA3F-6925A7E066E9}.Release|Any CPU.ActiveCfg = Release|Any CPU
		{7DFA2D06-575D-4625-AA3F-6925A7E066E9}.Release|Any CPU.Build.0 = Release|Any CPU
		{C42A2948-082F-4352-B326-79C3F57D7B09}.Debug|Any CPU.ActiveCfg = Debug|Any CPU
		{C42A2948-082F-4352-B326-79C3F57D7B09}.Debug|Any CPU.Build.0 = Debug|Any CPU
		{C42A2948-082F-4352-B326-79C3F57D7B09}.Release|Any CPU.ActiveCfg = Release|Any CPU
		{C42A2948-082F-4352-B326-79C3F57D7B09}.Release|Any CPU.Build.0 = Release|Any CPU
	EndGlobalSection
	GlobalSection(SolutionProperties) = preSolution
		HideSolutionNode = FALSE
	EndGlobalSection
	GlobalSection(NestedProjects) = preSolution
		{C1AFBF85-734E-4F91-8908-9D5921EA8B22} = {141E2837-1247-4E33-B5A0-64D0ECCBFDBA}
		{05D37050-50DA-459D-A62F-C051BA62FA0A} = {141E2837-1247-4E33-B5A0-64D0ECCBFDBA}
		{43B7A0DF-8D75-4C61-83E7-265E7F140E9C} = {327DE516-77D1-42D4-8DCE-484E40AD3885}
		{146963E3-6764-4DBA-8CFD-57196A0F9D5B} = {327DE516-77D1-42D4-8DCE-484E40AD3885}
		{0A214042-80B3-4F12-93BA-084A22A3139F} = {141E2837-1247-4E33-B5A0-64D0ECCBFDBA}
		{B055EC6C-994A-48F5-B41B-1473775FE5F4} = {141E2837-1247-4E33-B5A0-64D0ECCBFDBA}
		{F826380B-0DE1-49D3-9AF0-BC7A8A5BE38B} = {141E2837-1247-4E33-B5A0-64D0ECCBFDBA}
		{EFA736E9-3727-42BB-8788-BC0DC822C883} = {327DE516-77D1-42D4-8DCE-484E40AD3885}
		{0D3D4738-5912-4392-9689-8C17BFEB6AA7} = {327DE516-77D1-42D4-8DCE-484E40AD3885}
		{C958F26C-FA8C-4464-952F-69D9197644DD} = {141E2837-1247-4E33-B5A0-64D0ECCBFDBA}
		{6BDE13EE-BCF6-4460-A08C-ED9793587FE6} = {141E2837-1247-4E33-B5A0-64D0ECCBFDBA}
		{28FC7B3E-A191-4040-86B3-B02C5AEFC77D} = {141E2837-1247-4E33-B5A0-64D0ECCBFDBA}
		{FB7309B0-EC56-4242-99C4-AA791DA57574} = {327DE516-77D1-42D4-8DCE-484E40AD3885}
		{B8109A68-75AF-4946-A595-42146F74AC68} = {141E2837-1247-4E33-B5A0-64D0ECCBFDBA}
		{DADBF908-E5F8-44CE-AFF1-BBC7553EB805} = {327DE516-77D1-42D4-8DCE-484E40AD3885}
		{FFF962A4-3C6F-4A44-87C9-FDA34B3BCF3B} = {5EDB9086-DACF-4D1D-A3F6-91C826684B38}
		{8531A58B-9DDA-4645-A3B1-C2525DA8CD30} = {327DE516-77D1-42D4-8DCE-484E40AD3885}
		{95BD7C33-5318-49F0-8D92-7388859EE2B3} = {141E2837-1247-4E33-B5A0-64D0ECCBFDBA}
		{9B5FE512-4500-4251-95F5-89BB5AA0BFEE} = {141E2837-1247-4E33-B5A0-64D0ECCBFDBA}
		{A02FBBD4-70DF-4ED8-A1A6-5E7888A3509A} = {141E2837-1247-4E33-B5A0-64D0ECCBFDBA}
		{7DFA2D06-575D-4625-AA3F-6925A7E066E9} = {327DE516-77D1-42D4-8DCE-484E40AD3885}
		{C42A2948-082F-4352-B326-79C3F57D7B09} = {141E2837-1247-4E33-B5A0-64D0ECCBFDBA}
	EndGlobalSection
	GlobalSection(ExtensibilityGlobals) = postSolution
		SolutionGuid = {7966AFF7-6884-4957-984E-1CC9AFE4FDF2}
	EndGlobalSection
EndGlobal
